# IF THERE'S A GIT CONFLICT IN THIS FILE, DON'T SOLVE IT MANUALLY!
# INSTEAD EXECUTE `prisma lift fix`
# lift lockfile v1
# Read more about conflict resolution here: TODO

20200116221848-init
20200117092744-is-resolved
20200120155914
20200120155943-status
20200120181155-default-status
20200126152216-landing-page-tools
20200126153215-landing-page-tools
20200126153430-landing-page-tools
20200126154055-landing-page-tools
20200126154228-landing-page-tools
20200126155016-landing-page-tools
20200126155251-landing-page-tools
20200126160130-change-name-of-email
20200128154144-add-file-description
20200128162207-add-file-title