# IF THERE'S A GIT CONFLICT IN THIS FILE, DON'T SOLVE IT MANUALLY!
# INSTEAD EXECUTE `prisma lift fix`
# lift lockfile v1
# Read more about conflict resolution here: TODO

20200116221848-init
20200117092744-is-resolved
20200120155914
20200120155943-status
20200120181155-default-status
20200126152216-landing-page-tools
20200126153215-landing-page-tools
20200126153430-landing-page-tools
20200126154055-landing-page-tools
20200126154228-landing-page-tools
20200126155016-landing-page-tools
20200126155251-landing-page-tools
20200126160130-change-name-of-email
20200128154144-add-file-description
20200128162207-add-file-title
20200202113943
20200202114038-add-saved-search
20200202114541-change-name-of-filters
20200202114753-add-rest-of-filter-fields
20200202121544-add-values-column
20200210215724-add-titles-to-nots
20200215142213-generic-google-accounts
20200215153421-add-expiration-date
20200215153453-change-expire-field-name
20200216182628
20200216193202-modify-google-contact-fields
20200216193227
20200216202901-add-phone-numbers
20200216204302-connect-google-contact-to-tiem
20200216204641-optional-name
20200216205334-remove-unique-resource-name
20200217144715-item-soft-delete
20200217145543-item-soft-delete
20200217145657-item-soft-delete
20200217145821
20200217150545-soft-delete-items
20200217180631-link-host